// !$*UTF8*$!
{
	archiveVersion = 1;
	classes = {
	};
	objectVersion = 55;
	objects = {

/* Begin PBXBuildFile section */
		669801B42825F94700333570 /* ch007_Weather_App_UIApp.swift in Sources */ = {isa = PBXBuildFile; fileRef = 669801B32825F94700333570 /* ch007_Weather_App_UIApp.swift */; };
		669801B62825F94700333570 /* ContentView.swift in Sources */ = {isa = PBXBuildFile; fileRef = 669801B52825F94700333570 /* ContentView.swift */; };
		669801B82825F94900333570 /* Assets.xcassets in Resources */ = {isa = PBXBuildFile; fileRef = 669801B72825F94900333570 /* Assets.xcassets */; };
		669801BB2825F94900333570 /* Preview Assets.xcassets in Resources */ = {isa = PBXBuildFile; fileRef = 669801BA2825F94900333570 /* Preview Assets.xcassets */; };
		669801C42825FAAD00333570 /* Home.swift in Sources */ = {isa = PBXBuildFile; fileRef = 669801C32825FAAD00333570 /* Home.swift */; };
		669801C62825FC0D00333570 /* CustomStackView.swift in Sources */ = {isa = PBXBuildFile; fileRef = 669801C52825FC0D00333570 /* CustomStackView.swift */; };
		669801C82825FCE200333570 /* CustomCorner.swift in Sources */ = {isa = PBXBuildFile; fileRef = 669801C72825FCE200333570 /* CustomCorner.swift */; };
		669801CA2826080D00333570 /* WeatherDataView.swift in Sources */ = {isa = PBXBuildFile; fileRef = 669801C92826080D00333570 /* WeatherDataView.swift */; };
		669801CC28260A3100333570 /* Forecast.swift in Sources */ = {isa = PBXBuildFile; fileRef = 669801CB28260A3100333570 /* Forecast.swift */; };
		66E071DC28347642004C5FC0 /* Assets.xcassets in Resources */ = {isa = PBXBuildFile; fileRef = 66E071DA28347642004C5FC0 /* Assets.xcassets */; };
		66E071DD28347642004C5FC0 /* RainFall.sks in Resources */ = {isa = PBXBuildFile; fileRef = 66E071DB28347642004C5FC0 /* RainFall.sks */; };
		66E071DF28347AF9004C5FC0 /* RainFallLanding.sks in Resources */ = {isa = PBXBuildFile; fileRef = 66E071DE28347AF8004C5FC0 /* RainFallLanding.sks */; };
/* End PBXBuildFile section */

/* Begin PBXFileReference section */
		669801B02825F94700333570 /* ch007_Weather_App_UI.app */ = {isa = PBXFileReference; explicitFileType = wrapper.application; includeInIndex = 0; path = ch007_Weather_App_UI.app; sourceTree = BUILT_PRODUCTS_DIR; };
		669801B32825F94700333570 /* ch007_Weather_App_UIApp.swift */ = {isa = PBXFileReference; lastKnownFileType = sourcecode.swift; path = ch007_Weather_App_UIApp.swift; sourceTree = "<group>"; };
		669801B52825F94700333570 /* ContentView.swift */ = {isa = PBXFileReference; lastKnownFileType = sourcecode.swift; path = ContentView.swift; sourceTree = "<group>"; };
		669801B72825F94900333570 /* Assets.xcassets */ = {isa = PBXFileReference; lastKnownFileType = folder.assetcatalog; path = Assets.xcassets; sourceTree = "<group>"; };
		669801BA2825F94900333570 /* Preview Assets.xcassets */ = {isa = PBXFileReference; lastKnownFileType = folder.assetcatalog; path = "Preview Assets.xcassets"; sourceTree = "<group>"; };
		669801C32825FAAD00333570 /* Home.swift */ = {isa = PBXFileReference; lastKnownFileType = sourcecode.swift; path = Home.swift; sourceTree = "<group>"; };
		669801C52825FC0D00333570 /* CustomStackView.swift */ = {isa = PBXFileReference; lastKnownFileType = sourcecode.swift; path = CustomStackView.swift; sourceTree = "<group>"; };
		669801C72825FCE200333570 /* CustomCorner.swift */ = {isa = PBXFileReference; lastKnownFileType = sourcecode.swift; path = CustomCorner.swift; sourceTree = "<group>"; };
		669801C92826080D00333570 /* WeatherDataView.swift */ = {isa = PBXFileReference; lastKnownFileType = sourcecode.swift; path = WeatherDataView.swift; sourceTree = "<group>"; };
		669801CB28260A3100333570 /* Forecast.swift */ = {isa = PBXFileReference; lastKnownFileType = sourcecode.swift; path = Forecast.swift; sourceTree = "<group>"; };
		66E071DA28347642004C5FC0 /* Assets.xcassets */ = {isa = PBXFileReference; lastKnownFileType = folder.assetcatalog; path = Assets.xcassets; sourceTree = "<group>"; };
		66E071DB28347642004C5FC0 /* RainFall.sks */ = {isa = PBXFileReference; lastKnownFileType = file.sks; path = RainFall.sks; sourceTree = "<group>"; };
		66E071DE28347AF8004C5FC0 /* RainFallLanding.sks */ = {isa = PBXFileReference; lastKnownFileType = file.sks; path = RainFallLanding.sks; sourceTree = "<group>"; };
/* End PBXFileReference section */

/* Begin PBXFrameworksBuildPhase section */
		669801AD2825F94700333570 /* Frameworks */ = {
			isa = PBXFrameworksBuildPhase;
			buildActionMask = 2147483647;
			files = (
			);
			runOnlyForDeploymentPostprocessing = 0;
		};
/* End PBXFrameworksBuildPhase section */

/* Begin PBXGroup section */
		669801A72825F94700333570 = {
			isa = PBXGroup;
			children = (
				669801B22825F94700333570 /* ch007_Weather_App_UI */,
				669801B12825F94700333570 /* Products */,
			);
			sourceTree = "<group>";
		};
		669801B12825F94700333570 /* Products */ = {
			isa = PBXGroup;
			children = (
				669801B02825F94700333570 /* ch007_Weather_App_UI.app */,
			);
			name = Products;
			sourceTree = "<group>";
		};
		669801B22825F94700333570 /* ch007_Weather_App_UI */ = {
			isa = PBXGroup;
			children = (
				66E071D928347641004C5FC0 /* SpriteFiles */,
				669801C12825FA9E00333570 /* View */,
				669801C22825FAA300333570 /* Model */,
				669801B32825F94700333570 /* ch007_Weather_App_UIApp.swift */,
				669801B52825F94700333570 /* ContentView.swift */,
				669801B72825F94900333570 /* Assets.xcassets */,
				669801B92825F94900333570 /* Preview Content */,
			);
			path = ch007_Weather_App_UI;
			sourceTree = "<group>";
		};
		669801B92825F94900333570 /* Preview Content */ = {
			isa = PBXGroup;
			children = (
				669801BA2825F94900333570 /* Preview Assets.xcassets */,
			);
			path = "Preview Content";
			sourceTree = "<group>";
		};
		669801C12825FA9E00333570 /* View */ = {
			isa = PBXGroup;
			children = (
				669801C32825FAAD00333570 /* Home.swift */,
				669801C52825FC0D00333570 /* CustomStackView.swift */,
				669801C72825FCE200333570 /* CustomCorner.swift */,
				669801C92826080D00333570 /* WeatherDataView.swift */,
			);
			path = View;
			sourceTree = "<group>";
		};
		669801C22825FAA300333570 /* Model */ = {
			isa = PBXGroup;
			children = (
				669801CB28260A3100333570 /* Forecast.swift */,
			);
			path = Model;
			sourceTree = "<group>";
		};
		66E071D928347641004C5FC0 /* SpriteFiles */ = {
			isa = PBXGroup;
			children = (
				66E071DA28347642004C5FC0 /* Assets.xcassets */,
				66E071DB28347642004C5FC0 /* RainFall.sks */,
				66E071DE28347AF8004C5FC0 /* RainFallLanding.sks */,
			);
			path = SpriteFiles;
			sourceTree = "<group>";
		};
/* End PBXGroup section */

/* Begin PBXNativeTarget section */
		669801AF2825F94700333570 /* ch007_Weather_App_UI */ = {
			isa = PBXNativeTarget;
			buildConfigurationList = 669801BE2825F94900333570 /* Build configuration list for PBXNativeTarget "ch007_Weather_App_UI" */;
			buildPhases = (
				669801AC2825F94700333570 /* Sources */,
				669801AD2825F94700333570 /* Frameworks */,
				669801AE2825F94700333570 /* Resources */,
			);
			buildRules = (
			);
			dependencies = (
			);
			name = ch007_Weather_App_UI;
			productName = ch007_Weather_App_UI;
			productReference = 669801B02825F94700333570 /* ch007_Weather_App_UI.app */;
			productType = "com.apple.product-type.application";
		};
/* End PBXNativeTarget section */

/* Begin PBXProject section */
		669801A82825F94700333570 /* Project object */ = {
			isa = PBXProject;
			attributes = {
				BuildIndependentTargetsInParallel = 1;
				LastSwiftUpdateCheck = 1330;
				LastUpgradeCheck = 1330;
				TargetAttributes = {
					669801AF2825F94700333570 = {
						CreatedOnToolsVersion = 13.3;
					};
				};
			};
			buildConfigurationList = 669801AB2825F94700333570 /* Build configuration list for PBXProject "ch007_Weather_App_UI" */;
			compatibilityVersion = "Xcode 13.0";
			developmentRegion = en;
			hasScannedForEncodings = 0;
			knownRegions = (
				en,
				Base,
			);
			mainGroup = 669801A72825F94700333570;
			productRefGroup = 669801B12825F94700333570 /* Products */;
			projectDirPath = "";
			projectRoot = "";
			targets = (
				669801AF2825F94700333570 /* ch007_Weather_App_UI */,
			);
		};
/* End PBXProject section */

/* Begin PBXResourcesBuildPhase section */
		669801AE2825F94700333570 /* Resources */ = {
			isa = PBXResourcesBuildPhase;
			buildActionMask = 2147483647;
			files = (
				669801BB2825F94900333570 /* Preview Assets.xcassets in Resources */,
				66E071DF28347AF9004C5FC0 /* RainFallLanding.sks in Resources */,
				669801B82825F94900333570 /* Assets.xcassets in Resources */,
				66E071DD28347642004C5FC0 /* RainFall.sks in Resources */,
				66E071DC28347642004C5FC0 /* Assets.xcassets in Resources */,
			);
			runOnlyForDeploymentPostprocessing = 0;
		};
/* End PBXResourcesBuildPhase section */

/* Begin PBXSourcesBuildPhase section */
		669801AC2825F94700333570 /* Sources */ = {
			isa = PBXSourcesBuildPhase;
			buildActionMask = 2147483647;
			files = (
				669801C62825FC0D00333570 /* CustomStackView.swift in Sources */,
				669801CA2826080D00333570 /* WeatherDataView.swift in Sources */,
				669801CC28260A3100333570 /* Forecast.swift in Sources */,
				669801C82825FCE200333570 /* CustomCorner.swift in Sources */,
				669801B62825F94700333570 /* ContentView.swift in Sources */,
				669801C42825FAAD00333570 /* Home.swift in Sources */,
				669801B42825F94700333570 /* ch007_Weather_App_UIApp.swift in Sources */,
			);
			runOnlyForDeploymentPostprocessing = 0;
		};
/* End PBXSourcesBuildPhase section */

/* Begin XCBuildConfiguration section */
		669801BC2825F94900333570 /* Debug */ = {
			isa = XCBuildConfiguration;
			buildSettings = {
				ALWAYS_SEARCH_USER_PATHS = NO;
				CLANG_ANALYZER_NONNULL = YES;
				CLANG_ANALYZER_NUMBER_OBJECT_CONVERSION = YES_AGGRESSIVE;
				CLANG_CXX_LANGUAGE_STANDARD = "gnu++17";
				CLANG_ENABLE_MODULES = YES;
				CLANG_ENABLE_OBJC_ARC = YES;
				CLANG_ENABLE_OBJC_WEAK = YES;
				CLANG_WARN_BLOCK_CAPTURE_AUTORELEASING = YES;
				CLANG_WARN_BOOL_CONVERSION = YES;
				CLANG_WARN_COMMA = YES;
				CLANG_WARN_CONSTANT_CONVERSION = YES;
				CLANG_WARN_DEPRECATED_OBJC_IMPLEMENTATIONS = YES;
				CLANG_WARN_DIRECT_OBJC_ISA_USAGE = YES_ERROR;
				CLANG_WARN_DOCUMENTATION_COMMENTS = YES;
				CLANG_WARN_EMPTY_BODY = YES;
				CLANG_WARN_ENUM_CONVERSION = YES;
				CLANG_WARN_INFINITE_RECURSION = YES;
				CLANG_WARN_INT_CONVERSION = YES;
				CLANG_WARN_NON_LITERAL_NULL_CONVERSION = YES;
				CLANG_WARN_OBJC_IMPLICIT_RETAIN_SELF = YES;
				CLANG_WARN_OBJC_LITERAL_CONVERSION = YES;
				CLANG_WARN_OBJC_ROOT_CLASS = YES_ERROR;
				CLANG_WARN_QUOTED_INCLUDE_IN_FRAMEWORK_HEADER = YES;
				CLANG_WARN_RANGE_LOOP_ANALYSIS = YES;
				CLANG_WARN_STRICT_PROTOTYPES = YES;
				CLANG_WARN_SUSPICIOUS_MOVE = YES;
				CLANG_WARN_UNGUARDED_AVAILABILITY = YES_AGGRESSIVE;
				CLANG_WARN_UNREACHABLE_CODE = YES;
				CLANG_WARN__DUPLICATE_METHOD_MATCH = YES;
				COPY_PHASE_STRIP = NO;
				DEBUG_INFORMATION_FORMAT = dwarf;
				ENABLE_STRICT_OBJC_MSGSEND = YES;
				ENABLE_TESTABILITY = YES;
				GCC_C_LANGUAGE_STANDARD = gnu11;
				GCC_DYNAMIC_NO_PIC = NO;
				GCC_NO_COMMON_BLOCKS = YES;
				GCC_OPTIMIZATION_LEVEL = 0;
				GCC_PREPROCESSOR_DEFINITIONS = (
					"DEBUG=1",
					"$(inherited)",
				);
				GCC_WARN_64_TO_32_BIT_CONVERSION = YES;
				GCC_WARN_ABOUT_RETURN_TYPE = YES_ERROR;
				GCC_WARN_UNDECLARED_SELECTOR = YES;
				GCC_WARN_UNINITIALIZED_AUTOS = YES_AGGRESSIVE;
				GCC_WARN_UNUSED_FUNCTION = YES;
				GCC_WARN_UNUSED_VARIABLE = YES;
				IPHONEOS_DEPLOYMENT_TARGET = 15.4;
				MTL_ENABLE_DEBUG_INFO = INCLUDE_SOURCE;
				MTL_FAST_MATH = YES;
				ONLY_ACTIVE_ARCH = YES;
				SDKROOT = iphoneos;
				SWIFT_ACTIVE_COMPILATION_CONDITIONS = DEBUG;
				SWIFT_OPTIMIZATION_LEVEL = "-Onone";
			};
			name = Debug;
		};
		669801BD2825F94900333570 /* Release */ = {
			isa = XCBuildConfiguration;
			buildSettings = {
				ALWAYS_SEARCH_USER_PATHS = NO;
				CLANG_ANALYZER_NONNULL = YES;
				CLANG_ANALYZER_NUMBER_OBJECT_CONVERSION = YES_AGGRESSIVE;
				CLANG_CXX_LANGUAGE_STANDARD = "gnu++17";
				CLANG_ENABLE_MODULES = YES;
				CLANG_ENABLE_OBJC_ARC = YES;
				CLANG_ENABLE_OBJC_WEAK = YES;
				CLANG_WARN_BLOCK_CAPTURE_AUTORELEASING = YES;
				CLANG_WARN_BOOL_CONVERSION = YES;
				CLANG_WARN_COMMA = YES;
				CLANG_WARN_CONSTANT_CONVERSION = YES;
				CLANG_WARN_DEPRECATED_OBJC_IMPLEMENTATIONS = YES;
				CLANG_WARN_DIRECT_OBJC_ISA_USAGE = YES_ERROR;
				CLANG_WARN_DOCUMENTATION_COMMENTS = YES;
				CLANG_WARN_EMPTY_BODY = YES;
				CLANG_WARN_ENUM_CONVERSION = YES;
				CLANG_WARN_INFINITE_RECURSION = YES;
				CLANG_WARN_INT_CONVERSION = YES;
				CLANG_WARN_NON_LITERAL_NULL_CONVERSION = YES;
				CLANG_WARN_OBJC_IMPLICIT_RETAIN_SELF = YES;
				CLANG_WARN_OBJC_LITERAL_CONVERSION = YES;
				CLANG_WARN_OBJC_ROOT_CLASS = YES_ERROR;
				CLANG_WARN_QUOTED_INCLUDE_IN_FRAMEWORK_HEADER = YES;
				CLANG_WARN_RANGE_LOOP_ANALYSIS = YES;
				CLANG_WARN_STRICT_PROTOTYPES = YES;
				CLANG_WARN_SUSPICIOUS_MOVE = YES;
				CLANG_WARN_UNGUARDED_AVAILABILITY = YES_AGGRESSIVE;
				CLANG_WARN_UNREACHABLE_CODE = YES;
				CLANG_WARN__DUPLICATE_METHOD_MATCH = YES;
				COPY_PHASE_STRIP = NO;
				DEBUG_INFORMATION_FORMAT = "dwarf-with-dsym";
				ENABLE_NS_ASSERTIONS = NO;
				ENABLE_STRICT_OBJC_MSGSEND = YES;
				GCC_C_LANGUAGE_STANDARD = gnu11;
				GCC_NO_COMMON_BLOCKS = YES;
				GCC_WARN_64_TO_32_BIT_CONVERSION = YES;
				GCC_WARN_ABOUT_RETURN_TYPE = YES_ERROR;
				GCC_WARN_UNDECLARED_SELECTOR = YES;
				GCC_WARN_UNINITIALIZED_AUTOS = YES_AGGRESSIVE;
				GCC_WARN_UNUSED_FUNCTION = YES;
				GCC_WARN_UNUSED_VARIABLE = YES;
				IPHONEOS_DEPLOYMENT_TARGET = 15.4;
				MTL_ENABLE_DEBUG_INFO = NO;
				MTL_FAST_MATH = YES;
				SDKROOT = iphoneos;
				SWIFT_COMPILATION_MODE = wholemodule;
				SWIFT_OPTIMIZATION_LEVEL = "-O";
				VALIDATE_PRODUCT = YES;
			};
			name = Release;
		};
		669801BF2825F94900333570 /* Debug */ = {
			isa = XCBuildConfiguration;
			buildSettings = {
				ASSETCATALOG_COMPILER_APPICON_NAME = AppIcon;
				ASSETCATALOG_COMPILER_GLOBAL_ACCENT_COLOR_NAME = AccentColor;
				CODE_SIGN_STYLE = Automatic;
				CURRENT_PROJECT_VERSION = 1;
				DEVELOPMENT_ASSET_PATHS = "\"ch007_Weather_App_UI/Preview Content\"";
				DEVELOPMENT_TEAM = DTH85SS4GJ;
				ENABLE_PREVIEWS = YES;
				GENERATE_INFOPLIST_FILE = YES;
				INFOPLIST_KEY_UIApplicationSceneManifest_Generation = YES;
				INFOPLIST_KEY_UIApplicationSupportsIndirectInputEvents = YES;
				INFOPLIST_KEY_UILaunchScreen_Generation = YES;
				INFOPLIST_KEY_UISupportedInterfaceOrientations_iPad = "UIInterfaceOrientationPortrait UIInterfaceOrientationPortraitUpsideDown UIInterfaceOrientationLandscapeLeft UIInterfaceOrientationLandscapeRight";
				INFOPLIST_KEY_UISupportedInterfaceOrientations_iPhone = "UIInterfaceOrientationPortrait UIInterfaceOrientationLandscapeLeft UIInterfaceOrientationLandscapeRight";
				LD_RUNPATH_SEARCH_PATHS = (
					"$(inherited)",
					"@executable_path/Frameworks",
				);
				MARKETING_VERSION = 1.0;
				PRODUCT_BUNDLE_IDENTIFIER = "com.czw.pro.ch007-Weather-App-UI";
				PRODUCT_NAME = "$(TARGET_NAME)";
				SWIFT_EMIT_LOC_STRINGS = YES;
				SWIFT_VERSION = 5.0;
				TARGETED_DEVICE_FAMILY = "1,2";
			};
			name = Debug;
		};
		669801C02825F94900333570 /* Release */ = {
			isa = XCBuildConfiguration;
			buildSettings = {
				ASSETCATALOG_COMPILER_APPICON_NAME = AppIcon;
				ASSETCATALOG_COMPILER_GLOBAL_ACCENT_COLOR_NAME = AccentColor;
				CODE_SIGN_STYLE = Automatic;
				CURRENT_PROJECT_VERSION = 1;
				DEVELOPMENT_ASSET_PATHS = "\"ch007_Weather_App_UI/Preview Content\"";
				DEVELOPMENT_TEAM = DTH85SS4GJ;
				ENABLE_PREVIEWS = YES;
				GENERATE_INFOPLIST_FILE = YES;
				INFOPLIST_KEY_UIApplicationSceneManifest_Generation = YES;
				INFOPLIST_KEY_UIApplicationSupportsIndirectInputEvents = YES;
				INFOPLIST_KEY_UILaunchScreen_Generation = YES;
				INFOPLIST_KEY_UISupportedInterfaceOrientations_iPad = "UIInterfaceOrientationPortrait UIInterfaceOrientationPortraitUpsideDown UIInterfaceOrientationLandscapeLeft UIInterfaceOrientationLandscapeRight";
				INFOPLIST_KEY_UISupportedInterfaceOrientations_iPhone = "UIInterfaceOrientationPortrait UIInterfaceOrientationLandscapeLeft UIInterfaceOrientationLandscapeRight";
				LD_RUNPATH_SEARCH_PATHS = (
					"$(inherited)",
					"@executable_path/Frameworks",
				);
				MARKETING_VERSION = 1.0;
				PRODUCT_BUNDLE_IDENTIFIER = "com.czw.pro.ch007-Weather-App-UI";
				PRODUCT_NAME = "$(TARGET_NAME)";
				SWIFT_EMIT_LOC_STRINGS = YES;
				SWIFT_VERSION = 5.0;
				TARGETED_DEVICE_FAMILY = "1,2";
			};
			name = Release;
		};
/* End XCBuildConfiguration section */

/* Begin XCConfigurationList section */
		669801AB2825F94700333570 /* Build configuration list for PBXProject "ch007_Weather_App_UI" */ = {
			isa = XCConfigurationList;
			buildConfigurations = (
				669801BC2825F94900333570 /* Debug */,
				669801BD2825F94900333570 /* Release */,
			);
			defaultConfigurationIsVisible = 0;
			defaultConfigurationName = Release;
		};
		669801BE2825F94900333570 /* Build configuration list for PBXNativeTarget "ch007_Weather_App_UI" */ = {
			isa = XCConfigurationList;
			buildConfigurations = (
				669801BF2825F94900333570 /* Debug */,
				669801C02825F94900333570 /* Release */,
			);
			defaultConfigurationIsVisible = 0;
			defaultConfigurationName = Release;
		};
/* End XCConfigurationList section */
	};
	rootObject = 669801A82825F94700333570 /* Project object */;
}
